
Microsoft Visual Studio Solution File, Format Version 12.00
# Visual Studio Version 17
VisualStudioVersion = 17.11.35312.102
MinimumVisualStudioVersion = 10.0.40219.1
Project("{9A19103F-16F7-4668-BE54-9A1E7A4F7556}") = "ABCD.Core", "src\ABCD.Core\ABCD.Core.csproj", "{B55B8BD1-1C6B-4205-9081-4796D6245771}"
EndProject
Project("{9A19103F-16F7-4668-BE54-9A1E7A4F7556}") = "ABCD.Data", "src\ABCD.Data\ABCD.Data.csproj", "{78FFF1DB-FD36-4A5D-87EA-2451B4E3C54B}"
EndProject
Project("{9A19103F-16F7-4668-BE54-9A1E7A4F7556}") = "ABCD.Business", "src\ABCD.Business\ABCD.Business.csproj", "{9689B2E0-3510-4499-82D4-999030C3E687}"
EndProject
Project("{9A19103F-16F7-4668-BE54-9A1E7A4F7556}") = "ABCD.App", "src\ABCD.App\ABCD.App.csproj", "{5558DED1-F46E-468E-973A-9B20B2F0E42F}"
EndProject
Global
	GlobalSection(SolutionConfigurationPlatforms) = preSolution
		Debug|Any CPU = Debug|Any CPU
		Release|Any CPU = Release|Any CPU
	EndGlobalSection
	GlobalSection(ProjectConfigurationPlatforms) = postSolution
		{B55B8BD1-1C6B-4205-9081-4796D6245771}.Debug|Any CPU.ActiveCfg = Debug|Any CPU
		{B55B8BD1-1C6B-4205-9081-4796D6245771}.Debug|Any CPU.Build.0 = Debug|Any CPU
		{B55B8BD1-1C6B-4205-9081-4796D6245771}.Release|Any CPU.ActiveCfg = Release|Any CPU
		{B55B8BD1-1C6B-4205-9081-4796D6245771}.Release|Any CPU.Build.0 = Release|Any CPU
		{78FFF1DB-FD36-4A5D-87EA-2451B4E3C54B}.Debug|Any CPU.ActiveCfg = Debug|Any CPU
		{78FFF1DB-FD36-4A5D-87EA-2451B4E3C54B}.Debug|Any CPU.Build.0 = Debug|Any CPU
		{78FFF1DB-FD36-4A5D-87EA-2451B4E3C54B}.Release|Any CPU.ActiveCfg = Release|Any CPU
		{78FFF1DB-FD36-4A5D-87EA-2451B4E3C54B}.Release|Any CPU.Build.0 = Release|Any CPU
		{9689B2E0-3510-4499-82D4-999030C3E687}.Debug|Any CPU.ActiveCfg = Debug|Any CPU
		{9689B2E0-3510-4499-82D4-999030C3E687}.Debug|Any CPU.Build.0 = Debug|Any CPU
		{9689B2E0-3510-4499-82D4-999030C3E687}.Release|Any CPU.ActiveCfg = Release|Any CPU
		{9689B2E0-3510-4499-82D4-999030C3E687}.Release|Any CPU.Build.0 = Release|Any CPU
		{5558DED1-F46E-468E-973A-9B20B2F0E42F}.Debug|Any CPU.ActiveCfg = Debug|Any CPU
		{5558DED1-F46E-468E-973A-9B20B2F0E42F}.Debug|Any CPU.Build.0 = Debug|Any CPU
		{5558DED1-F46E-468E-973A-9B20B2F0E42F}.Release|Any CPU.ActiveCfg = Release|Any CPU
		{5558DED1-F46E-468E-973A-9B20B2F0E42F}.Release|Any CPU.Build.0 = Release|Any CPU
	EndGlobalSection
	GlobalSection(SolutionProperties) = preSolution
		HideSolutionNode = FALSE
	EndGlobalSection
	GlobalSection(ExtensibilityGlobals) = postSolution
		SolutionGuid = {BF6F1797-869F-4023-935C-D8767C77F24C}
	EndGlobalSection
EndGlobal
